
Microsoft Visual Studio Solution File, Format Version 12.00
# Visual Studio Version 18
VisualStudioVersion = 18.9.12105.275
MinimumVisualStudioVersion = 10.0.40219.1
Project("{2150E333-8FDC-42A3-9474-1A3956D46DE8}") = "LocalDepends", "LocalDepends", "{362C5453-F0ED-480E-A297-F94779B3805F}"
EndProject
Project("{2150E333-8FDC-42A3-9474-1A3956D46DE8}") = "ProviderWrappers", "ProviderWrappers", "{02EA681E-C7D8-13C7-8484-4AC65E1B71E8}"
EndProject
Project("{2150E333-8FDC-42A3-9474-1A3956D46DE8}") = "ApiKeyHandling", "ApiKeyHandling", "{C888937B-F5A9-488A-869E-5D30B657409A}"
EndProject
Project("{2150E333-8FDC-42A3-9474-1A3956D46DE8}") = "UnitTests", "UnitTests", "{B6D434AF-AA6F-407F-AB28-FDF146EFAB97}"
EndProject
Project("{FAE04EC0-301F-11D3-BF4B-00C04F79EFBC}") = "ProviderUnitTests_Openai", "UnitTests\LLMProviderUnitTests\OpenAiProvider\ProviderUnitTests_Openai.csproj", "{F1FDDD6D-5A26-4B0A-920F-57F487A8A777}"
EndProject
Project("{FAE04EC0-301F-11D3-BF4B-00C04F79EFBC}") = "CoreUnitTests", "UnitTests\CoreUnitTests\CoreUnitTests.csproj", "{0BACF8DF-122A-4759-BE1D-B022812B5603}"
EndProject
Project("{FAE04EC0-301F-11D3-BF4B-00C04F79EFBC}") = "Butler5ProviderMock", "UnitTests\Butler5ProviderMock\Butler5ProviderMock.csproj", "{72EF5778-03FB-E585-0E76-89BE6D68565B}"
EndProject
Project("{FAE04EC0-301F-11D3-BF4B-00C04F79EFBC}") = "UnitTestDataTypes", "UnitTests\UnitTestDataTypes\UnitTestDataTypes.csproj", "{E9EABBE4-F949-4892-A7D1-6C1E8A3DDAFC}"
EndProject
Project("{FAE04EC0-301F-11D3-BF4B-00C04F79EFBC}") = "WindowApiKeyMgr_Tests", "UnitTests\WindowApiKeyMgr_Tests\WindowApiKeyMgr_Tests.csproj", "{CCF3C8B4-23D7-4FA3-B481-9B1C6B28FE81}"
EndProject
Project("{2150E333-8FDC-42A3-9474-1A3956D46DE8}") = "Examples", "Examples", "{90C68CD0-9657-46C7-865E-C27B83631C29}"
EndProject
Project("{FAE04EC0-301F-11D3-BF4B-00C04F79EFBC}") = "ProviderUnitTests_Gemini", "UnitTests\LLMProviderUnitTests\GeminiProvider\ProviderUnitTests_Gemini.csproj", "{AE100265-AB3A-4EC9-839A-F0E8D761A00E}"
EndProject
Project("{2150E333-8FDC-42A3-9474-1A3956D46DE8}") = "Solution Items", "Solution Items", "{4340671B-B53B-448B-8A0A-C12F10D4DCF8}"
	ProjectSection(SolutionItems) = preProject
		.editorconfig = .editorconfig
		doc\ButlerVault.txt = doc\ButlerVault.txt
		CHANGELONG.TXT.txt = CHANGELONG.TXT.txt
		doc\CreatingACustomCounterMeasures.txt = doc\CreatingACustomCounterMeasures.txt
		doc\CreatingACustomProvider.txt = doc\CreatingACustomProvider.txt
		doc\CreatingACustomTool.txt = doc\CreatingACustomTool.txt
		readme.md = readme.md
		doc\ShowingOff.txt = doc\ShowingOff.txt
		doc\SupportedProviders.txt = doc\SupportedProviders.txt
		doc\TheRoadMap.txt = doc\TheRoadMap.txt
	EndProjectSection
EndProject
Project("{FAE04EC0-301F-11D3-BF4B-00C04F79EFBC}") = "TimePunch", "Examples\TimePunch\TimePunch.csproj", "{39EF22DF-52DC-4989-A50E-12C445D4E7EE}"
EndProject
Project("{FAE04EC0-301F-11D3-BF4B-00C04F79EFBC}") = "SecureStringTests", "UnitTests\SecureStringTests\SecureStringTests.csproj", "{B46FDDEE-AA04-439F-B8B2-F293374C92A0}"
EndProject
Project("{FAE04EC0-301F-11D3-BF4B-00C04F79EFBC}") = "TrenchCoatTests", "UnitTests\TrenchCoatTests\TrenchCoatTests.csproj", "{EE8E8488-318F-4CAC-856F-231D6AC3D471}"
EndProject
Project("{FAE04EC0-301F-11D3-BF4B-00C04F79EFBC}") = "CallingAToolGemini", "Examples\CallingATool\CallingAToolGemini.csproj", "{2F909A91-8CF2-4DE6-8F54-040BB4DEA993}"
EndProject
Project("{FAE04EC0-301F-11D3-BF4B-00C04F79EFBC}") = "QuickStartOpenAi", "Examples\QuickStart\QuickStartOpenAi.csproj", "{F723E1A0-BCDC-144D-02E2-684E60DB585A}"
EndProject
Project("{FAE04EC0-301F-11D3-BF4B-00C04F79EFBC}") = "EnvApiKeyApiTests", "UnitTests\EnvApiKeyApiTests\EnvApiKeyApiTests.csproj", "{0DB2D6CF-E11D-4252-BFDE-903514A9686B}"
EndProject
Project("{2150E333-8FDC-42A3-9474-1A3956D46DE8}") = "Nugets", "Nugets", "{993CC020-03CC-4668-97EF-178F09B6C4BC}"
EndProject
Project("{2150E333-8FDC-42A3-9474-1A3956D46DE8}") = "HeavyTools", "HeavyTools", "{B0121799-2A6A-4C25-98AE-F3867E92836C}"
EndProject
Project("{FAE04EC0-301F-11D3-BF4B-00C04F79EFBC}") = "NugetTest", "Examples\NugetTest\NugetTest.csproj", "{EDE71A67-93F9-40C2-BA77-733E51A8010A}"
EndProject
Project("{FAE04EC0-301F-11D3-BF4B-00C04F79EFBC}") = "TheWorks", "Examples\TheWorks\TheWorks.csproj", "{85BB0DCE-C904-41C1-7178-C9F6242EFD87}"
EndProject
Project("{FAE04EC0-301F-11D3-BF4B-00C04F79EFBC}") = "ApiKeys", "Components\ApiKeyHandling\ApiKeys\ApiKeys.csproj", "{CB93A916-156C-D267-2C81-52739AD63ED2}"
EndProject
Project("{FAE04EC0-301F-11D3-BF4B-00C04F79EFBC}") = "ButlerSDK.ApiKeyMgr", "Components\ApiKeyHandling\ButlerSDK.ApiKeyMgr\ButlerSDK.ApiKeyMgr.csproj", "{4ED1D091-12D2-8731-8010-60CE2FAD3DA8}"
EndProject
Project("{FAE04EC0-301F-11D3-BF4B-00C04F79EFBC}") = "ButlerSDK.ApiKeyMgr.WindowsKeyMgr", "Components\ApiKeyHandling\ButlerSDK.ApiKeyMgr.WindowsKeyMgr\ButlerSDK.ApiKeyMgr.WindowsKeyMgr.csproj", "{797589F5-C8BF-7D56-8438-9D29BF23EE83}"
EndProject
Project("{2150E333-8FDC-42A3-9474-1A3956D46DE8}") = "CLITools", "CLITools", "{37D7AA1C-4D3F-4BA7-81D9-D0C3E7EFFCE2}"
EndProject
Project("{FAE04EC0-301F-11D3-BF4B-00C04F79EFBC}") = "ButlerSDK.Tools.AzureMaps", "Components\Tools\HeavyTools\ButlerSDK.Tools.AzureMaps\ButlerSDK.Tools.AzureMaps.csproj", "{76629C96-CE3A-CBB9-D91A-200E375DE871}"
EndProject
Project("{FAE04EC0-301F-11D3-BF4B-00C04F79EFBC}") = "ButlerSDK.Tools.WebBrowserTool", "Components\Tools\HeavyTools\ButlerSDK.Tools.WebBrowserTool\ButlerSDK.Tools.WebBrowserTool.csproj", "{05BEFA48-F955-8EBA-A9BA-8F6FDC577105}"
EndProject
Project("{FAE04EC0-301F-11D3-BF4B-00C04F79EFBC}") = "ButlerSDK.Provider.Gemini", "Components\ProviderWrappers\ButlerSDK.Provider.Gemini\ButlerSDK.Provider.Gemini.csproj", "{A592E9F8-86DA-7516-6BE8-8349E1B354FF}"
EndProject
Project("{FAE04EC0-301F-11D3-BF4B-00C04F79EFBC}") = "ButlerSDK.Provider.OpenAI", "Components\ProviderWrappers\ButlerSDK.Provider.OpenAI\ButlerSDK.Provider.OpenAI.csproj", "{DB59D9EF-787C-FC27-60D4-C9C84B9E3174}"
EndProject
Project("{FAE04EC0-301F-11D3-BF4B-00C04F79EFBC}") = "ButlerSDK.ApiRateLimiter", "Components\ApiKeyHandling\ButlerSDK.ApiRateLimiter\ButlerSDK.ApiRateLimiter.csproj", "{15D5E0C7-BC5D-0833-2CEC-6BAE1E2ED233}"
EndProject
Project("{FAE04EC0-301F-11D3-BF4B-00C04F79EFBC}") = "ButlerSDK.ChatCollections", "Components\ButlerSDK.ChatCollections\ButlerSDK.ChatCollections.csproj", "{1646AB00-EC5F-B0D4-1E1A-323B689ADB0A}"
EndProject
Project("{FAE04EC0-301F-11D3-BF4B-00C04F79EFBC}") = "ButlerSDK.ChatController", "Components\ButlerSDK.ChatController\ButlerSDK.ChatController.csproj", "{75787DD9-6AF9-F686-C3A5-D6D229C4AACC}"
EndProject
Project("{FAE04EC0-301F-11D3-BF4B-00C04F79EFBC}") = "ButlerSDK.Core.Abstractions", "Components\ButlerSDK.Core.Abstractions\ButlerSDK.Core.Abstractions.csproj", "{71A445B6-16BE-AF61-0FD1-7D5563BC972F}"
EndProject
Project("{2150E333-8FDC-42A3-9474-1A3956D46DE8}") = "Support", "Support", "{DE9DF2F2-4FAD-463B-93F4-9B4711507AEF}"
EndProject
Project("{FAE04EC0-301F-11D3-BF4B-00C04F79EFBC}") = "ButlerSDK.SecureStringHelper", "Components\Support\ButlerSDK.SecureStringHelper\ButlerSDK.SecureStringHelper.csproj", "{D98239E2-FA4C-4248-5CFF-E86ADFD4F031}"
EndProject
Project("{FAE04EC0-301F-11D3-BF4B-00C04F79EFBC}") = "ButlerSDK.Tools.ButlerToolBase", "Components\ButlerSDK.Tools.ButlerToolBase\ButlerSDK.Tools.ButlerToolBase.csproj", "{2B0D8480-A662-CD06-A20B-41DA768573F9}"
EndProject
Project("{FAE04EC0-301F-11D3-BF4B-00C04F79EFBC}") = "ButlerSDK.Tools.ButlerSystemToolBase", "Components\Tools\ButlerSDK.Tools.ButlerSystemToolBase\ButlerSDK.Tools.ButlerSystemToolBase.csproj", "{A197169A-CF4E-0FDE-61FC-74A20B78D6B9}"
EndProject
Project("{FAE04EC0-301F-11D3-BF4B-00C04F79EFBC}") = "ButlerSDK.Tools.Bench", "Components\Tools\ButlerSDK.Tools.Bench\ButlerSDK.Tools.Bench.csproj", "{B143F0A5-2D85-E5D0-0A0C-E1BD583436FB}"
EndProject
Project("{FAE04EC0-301F-11D3-BF4B-00C04F79EFBC}") = "ButlerSDK.Tools.DiscovererTool", "Components\Tools\ButlerSDK.Tools.DiscovererTool\ButlerSDK.Tools.DiscovererTool.csproj", "{8230A48B-A4C3-2333-1942-A499819A8597}"
EndProject
Project("{FAE04EC0-301F-11D3-BF4B-00C04F79EFBC}") = "ButlerSDK.Tools.VirtualTool", "Components\Tools\ButlerSDK.Tools.VirtualTool\ButlerSDK.Tools.VirtualTool.csproj", "{4B78A8A3-EF15-26AA-7E25-5E25BA14F6CB}"
EndProject
Project("{FAE04EC0-301F-11D3-BF4B-00C04F79EFBC}") = "ButlerSDK.Tools.ToolSurface", "Components\Tools\ButlerSDK.Tools.ToolSurface\ButlerSDK.Tools.ToolSurface.csproj", "{536C6E87-4A2B-6649-6940-1C5BABA0BEE7}"
EndProject
Project("{FAE04EC0-301F-11D3-BF4B-00C04F79EFBC}") = "ButlerSDK.Tools.Resolver", "Components\Tools\ButlerSDK.Tools.Resolver\ButlerSDK.Tools.Resolver.csproj", "{797E1894-8F52-97B6-E8D6-6C01454715AC}"
EndProject
Project("{FAE04EC0-301F-11D3-BF4B-00C04F79EFBC}") = "ButlerSDK.Tools.ExternProcessLauncher", "Components\Tools\ButlerSDK.Tools.ExternProcessLauncher\ButlerSDK.Tools.ExternProcessLauncher.csproj", "{817717A5-A0A9-674F-F76F-BEA405F9F7E6}"
EndProject
Project("{FAE04EC0-301F-11D3-BF4B-00C04F79EFBC}") = "ButlerSDK.Tools.ExternProcessLauncher.Network.Windows", "Components\Tools\ButlerSDK.Tools.ExternProcessLauncher.Network.Windows\ButlerSDK.Tools.ExternProcessLauncher.Network.Windows.csproj", "{C3F56C62-BC7A-6033-1DC9-7BED3DBA32B5}"
EndProject
Project("{FAE04EC0-301F-11D3-BF4B-00C04F79EFBC}") = "ButlerSDK.Tools.Network", "Components\Tools\ButlerSDK.Tools.Network\ButlerSDK.Tools.Network.csproj", "{0AC345C3-F612-CC79-D418-570F376BCA0F}"
EndProject
Project("{FAE04EC0-301F-11D3-BF4B-00C04F79EFBC}") = "ButlerSDK.Core", "Components\ButlerSDK.Core\ButlerSDK.Core.csproj", "{7BE5096C-2041-EA11-9BE0-0981D1BCF158}"
EndProject
Project("{FAE04EC0-301F-11D3-BF4B-00C04F79EFBC}") = "ButlerTestBed", "CLITools\JerryTestBed\ButlerTestBed.csproj", "{8D9D26BD-A4DC-B4F8-D3E2-EEF4B03B3630}"
EndProject
Project("{FAE04EC0-301F-11D3-BF4B-00C04F79EFBC}") = "ApiKeyVaultCreation", "CLITools\ApiKeyVaultCreation\ApiKeyVaultCreation.csproj", "{709BCF56-41D7-2F7E-AB8F-204F4251E549}"
EndProject
Project("{FAE04EC0-301F-11D3-BF4B-00C04F79EFBC}") = "DiscoverToolUnitTests", "UnitTests\DiscoverToolUnitTests\DiscoverToolUnitTests.csproj", "{ED02CB59-E568-789F-8A56-91384DFE88A1}"
EndProject
Project("{FAE04EC0-301F-11D3-BF4B-00C04F79EFBC}") = "ButlerSDK.Provider.OpenAI.Ollama", "Components\ProviderWrappers\ButlerSDK.Provider.OpenAI.Ollama\ButlerSDK.Provider.OpenAI.Ollama.csproj", "{51F24C2A-9FBA-54F4-65B5-07C196B17436}"
EndProject
Project("{FAE04EC0-301F-11D3-BF4B-00C04F79EFBC}") = "ButlerSDK.Provider.OpenAI.DeepSeek", "Components\ProviderWrappers\ButlerSDK.Provider.OpenAI.DeepSeek\ButlerSDK.Provider.OpenAI.DeepSeek.csproj", "{8EE98703-C511-4B42-9987-0C0DD1E08158}"
EndProject
Project("{FAE04EC0-301F-11D3-BF4B-00C04F79EFBC}") = "ButlerSDK,Provider.Gemini.Vertex", "Components\ProviderWrappers\ButlerSDK,Provider.Gemini.Vertex\ButlerSDK,Provider.Gemini.Vertex.csproj", "{188A7070-A40C-4D34-AF11-CC5C850A2C48}"
EndProject
Global
	GlobalSection(SolutionConfigurationPlatforms) = preSolution
		Debug|Any CPU = Debug|Any CPU
		Release|Any CPU = Release|Any CPU
	EndGlobalSection
	GlobalSection(ProjectConfigurationPlatforms) = postSolution
		{F1FDDD6D-5A26-4B0A-920F-57F487A8A777}.Debug|Any CPU.ActiveCfg = Debug|Any CPU
		{F1FDDD6D-5A26-4B0A-920F-57F487A8A777}.Debug|Any CPU.Build.0 = Debug|Any CPU
		{F1FDDD6D-5A26-4B0A-920F-57F487A8A777}.Release|Any CPU.ActiveCfg = Release|Any CPU
		{F1FDDD6D-5A26-4B0A-920F-57F487A8A777}.Release|Any CPU.Build.0 = Release|Any CPU
		{0BACF8DF-122A-4759-BE1D-B022812B5603}.Debug|Any CPU.ActiveCfg = Debug|Any CPU
		{0BACF8DF-122A-4759-BE1D-B022812B5603}.Debug|Any CPU.Build.0 = Debug|Any CPU
		{0BACF8DF-122A-4759-BE1D-B022812B5603}.Release|Any CPU.ActiveCfg = Release|Any CPU
		{0BACF8DF-122A-4759-BE1D-B022812B5603}.Release|Any CPU.Build.0 = Release|Any CPU
		{72EF5778-03FB-E585-0E76-89BE6D68565B}.Debug|Any CPU.ActiveCfg = Debug|Any CPU
		{72EF5778-03FB-E585-0E76-89BE6D68565B}.Debug|Any CPU.Build.0 = Debug|Any CPU
		{72EF5778-03FB-E585-0E76-89BE6D68565B}.Release|Any CPU.ActiveCfg = Release|Any CPU
		{72EF5778-03FB-E585-0E76-89BE6D68565B}.Release|Any CPU.Build.0 = Release|Any CPU
		{E9EABBE4-F949-4892-A7D1-6C1E8A3DDAFC}.Debug|Any CPU.ActiveCfg = Debug|Any CPU
		{E9EABBE4-F949-4892-A7D1-6C1E8A3DDAFC}.Debug|Any CPU.Build.0 = Debug|Any CPU
		{E9EABBE4-F949-4892-A7D1-6C1E8A3DDAFC}.Release|Any CPU.ActiveCfg = Release|Any CPU
		{E9EABBE4-F949-4892-A7D1-6C1E8A3DDAFC}.Release|Any CPU.Build.0 = Release|Any CPU
		{CCF3C8B4-23D7-4FA3-B481-9B1C6B28FE81}.Debug|Any CPU.ActiveCfg = Debug|Any CPU
		{CCF3C8B4-23D7-4FA3-B481-9B1C6B28FE81}.Debug|Any CPU.Build.0 = Debug|Any CPU
		{CCF3C8B4-23D7-4FA3-B481-9B1C6B28FE81}.Release|Any CPU.ActiveCfg = Release|Any CPU
		{CCF3C8B4-23D7-4FA3-B481-9B1C6B28FE81}.Release|Any CPU.Build.0 = Release|Any CPU
		{AE100265-AB3A-4EC9-839A-F0E8D761A00E}.Debug|Any CPU.ActiveCfg = Debug|Any CPU
		{AE100265-AB3A-4EC9-839A-F0E8D761A00E}.Debug|Any CPU.Build.0 = Debug|Any CPU
		{AE100265-AB3A-4EC9-839A-F0E8D761A00E}.Release|Any CPU.ActiveCfg = Release|Any CPU
		{AE100265-AB3A-4EC9-839A-F0E8D761A00E}.Release|Any CPU.Build.0 = Release|Any CPU
		{39EF22DF-52DC-4989-A50E-12C445D4E7EE}.Debug|Any CPU.ActiveCfg = Debug|Any CPU
		{39EF22DF-52DC-4989-A50E-12C445D4E7EE}.Debug|Any CPU.Build.0 = Debug|Any CPU
		{39EF22DF-52DC-4989-A50E-12C445D4E7EE}.Release|Any CPU.ActiveCfg = Release|Any CPU
		{39EF22DF-52DC-4989-A50E-12C445D4E7EE}.Release|Any CPU.Build.0 = Release|Any CPU
		{B46FDDEE-AA04-439F-B8B2-F293374C92A0}.Debug|Any CPU.ActiveCfg = Debug|Any CPU
		{B46FDDEE-AA04-439F-B8B2-F293374C92A0}.Debug|Any CPU.Build.0 = Debug|Any CPU
		{B46FDDEE-AA04-439F-B8B2-F293374C92A0}.Release|Any CPU.ActiveCfg = Release|Any CPU
		{B46FDDEE-AA04-439F-B8B2-F293374C92A0}.Release|Any CPU.Build.0 = Release|Any CPU
		{EE8E8488-318F-4CAC-856F-231D6AC3D471}.Debug|Any CPU.ActiveCfg = Debug|Any CPU
		{EE8E8488-318F-4CAC-856F-231D6AC3D471}.Debug|Any CPU.Build.0 = Debug|Any CPU
		{EE8E8488-318F-4CAC-856F-231D6AC3D471}.Release|Any CPU.ActiveCfg = Release|Any CPU
		{EE8E8488-318F-4CAC-856F-231D6AC3D471}.Release|Any CPU.Build.0 = Release|Any CPU
		{2F909A91-8CF2-4DE6-8F54-040BB4DEA993}.Debug|Any CPU.ActiveCfg = Debug|Any CPU
		{2F909A91-8CF2-4DE6-8F54-040BB4DEA993}.Debug|Any CPU.Build.0 = Debug|Any CPU
		{2F909A91-8CF2-4DE6-8F54-040BB4DEA993}.Release|Any CPU.ActiveCfg = Release|Any CPU
		{2F909A91-8CF2-4DE6-8F54-040BB4DEA993}.Release|Any CPU.Build.0 = Release|Any CPU
		{F723E1A0-BCDC-144D-02E2-684E60DB585A}.Debug|Any CPU.ActiveCfg = Debug|Any CPU
		{F723E1A0-BCDC-144D-02E2-684E60DB585A}.Debug|Any CPU.Build.0 = Debug|Any CPU
		{F723E1A0-BCDC-144D-02E2-684E60DB585A}.Release|Any CPU.ActiveCfg = Release|Any CPU
		{F723E1A0-BCDC-144D-02E2-684E60DB585A}.Release|Any CPU.Build.0 = Release|Any CPU
		{0DB2D6CF-E11D-4252-BFDE-903514A9686B}.Debug|Any CPU.ActiveCfg = Debug|Any CPU
		{0DB2D6CF-E11D-4252-BFDE-903514A9686B}.Debug|Any CPU.Build.0 = Debug|Any CPU
		{0DB2D6CF-E11D-4252-BFDE-903514A9686B}.Release|Any CPU.ActiveCfg = Release|Any CPU
		{0DB2D6CF-E11D-4252-BFDE-903514A9686B}.Release|Any CPU.Build.0 = Release|Any CPU
		{EDE71A67-93F9-40C2-BA77-733E51A8010A}.Debug|Any CPU.ActiveCfg = Debug|Any CPU
		{EDE71A67-93F9-40C2-BA77-733E51A8010A}.Debug|Any CPU.Build.0 = Debug|Any CPU
		{EDE71A67-93F9-40C2-BA77-733E51A8010A}.Release|Any CPU.ActiveCfg = Release|Any CPU
		{EDE71A67-93F9-40C2-BA77-733E51A8010A}.Release|Any CPU.Build.0 = Release|Any CPU
		{85BB0DCE-C904-41C1-7178-C9F6242EFD87}.Debug|Any CPU.ActiveCfg = Debug|Any CPU
		{85BB0DCE-C904-41C1-7178-C9F6242EFD87}.Debug|Any CPU.Build.0 = Debug|Any CPU
		{85BB0DCE-C904-41C1-7178-C9F6242EFD87}.Release|Any CPU.ActiveCfg = Release|Any CPU
		{85BB0DCE-C904-41C1-7178-C9F6242EFD87}.Release|Any CPU.Build.0 = Release|Any CPU
		{CB93A916-156C-D267-2C81-52739AD63ED2}.Debug|Any CPU.ActiveCfg = Debug|Any CPU
		{CB93A916-156C-D267-2C81-52739AD63ED2}.Debug|Any CPU.Build.0 = Debug|Any CPU
		{CB93A916-156C-D267-2C81-52739AD63ED2}.Release|Any CPU.ActiveCfg = Release|Any CPU
		{CB93A916-156C-D267-2C81-52739AD63ED2}.Release|Any CPU.Build.0 = Release|Any CPU
		{4ED1D091-12D2-8731-8010-60CE2FAD3DA8}.Debug|Any CPU.ActiveCfg = Debug|Any CPU
		{4ED1D091-12D2-8731-8010-60CE2FAD3DA8}.Debug|Any CPU.Build.0 = Debug|Any CPU
		{4ED1D091-12D2-8731-8010-60CE2FAD3DA8}.Release|Any CPU.ActiveCfg = Release|Any CPU
		{4ED1D091-12D2-8731-8010-60CE2FAD3DA8}.Release|Any CPU.Build.0 = Release|Any CPU
		{797589F5-C8BF-7D56-8438-9D29BF23EE83}.Debug|Any CPU.ActiveCfg = Debug|Any CPU
		{797589F5-C8BF-7D56-8438-9D29BF23EE83}.Debug|Any CPU.Build.0 = Debug|Any CPU
		{797589F5-C8BF-7D56-8438-9D29BF23EE83}.Release|Any CPU.ActiveCfg = Release|Any CPU
		{797589F5-C8BF-7D56-8438-9D29BF23EE83}.Release|Any CPU.Build.0 = Release|Any CPU
		{76629C96-CE3A-CBB9-D91A-200E375DE871}.Debug|Any CPU.ActiveCfg = Debug|Any CPU
		{76629C96-CE3A-CBB9-D91A-200E375DE871}.Debug|Any CPU.Build.0 = Debug|Any CPU
		{76629C96-CE3A-CBB9-D91A-200E375DE871}.Release|Any CPU.ActiveCfg = Release|Any CPU
		{76629C96-CE3A-CBB9-D91A-200E375DE871}.Release|Any CPU.Build.0 = Release|Any CPU
		{05BEFA48-F955-8EBA-A9BA-8F6FDC577105}.Debug|Any CPU.ActiveCfg = Debug|Any CPU
		{05BEFA48-F955-8EBA-A9BA-8F6FDC577105}.Debug|Any CPU.Build.0 = Debug|Any CPU
		{05BEFA48-F955-8EBA-A9BA-8F6FDC577105}.Release|Any CPU.ActiveCfg = Release|Any CPU
		{05BEFA48-F955-8EBA-A9BA-8F6FDC577105}.Release|Any CPU.Build.0 = Release|Any CPU
		{A592E9F8-86DA-7516-6BE8-8349E1B354FF}.Debug|Any CPU.ActiveCfg = Debug|Any CPU
		{A592E9F8-86DA-7516-6BE8-8349E1B354FF}.Debug|Any CPU.Build.0 = Debug|Any CPU
		{A592E9F8-86DA-7516-6BE8-8349E1B354FF}.Release|Any CPU.ActiveCfg = Release|Any CPU
		{A592E9F8-86DA-7516-6BE8-8349E1B354FF}.Release|Any CPU.Build.0 = Release|Any CPU
		{DB59D9EF-787C-FC27-60D4-C9C84B9E3174}.Debug|Any CPU.ActiveCfg = Debug|Any CPU
		{DB59D9EF-787C-FC27-60D4-C9C84B9E3174}.Debug|Any CPU.Build.0 = Debug|Any CPU
		{DB59D9EF-787C-FC27-60D4-C9C84B9E3174}.Release|Any CPU.ActiveCfg = Release|Any CPU
		{DB59D9EF-787C-FC27-60D4-C9C84B9E3174}.Release|Any CPU.Build.0 = Release|Any CPU
		{15D5E0C7-BC5D-0833-2CEC-6BAE1E2ED233}.Debug|Any CPU.ActiveCfg = Debug|Any CPU
		{15D5E0C7-BC5D-0833-2CEC-6BAE1E2ED233}.Debug|Any CPU.Build.0 = Debug|Any CPU
		{15D5E0C7-BC5D-0833-2CEC-6BAE1E2ED233}.Release|Any CPU.ActiveCfg = Release|Any CPU
		{15D5E0C7-BC5D-0833-2CEC-6BAE1E2ED233}.Release|Any CPU.Build.0 = Release|Any CPU
		{1646AB00-EC5F-B0D4-1E1A-323B689ADB0A}.Debug|Any CPU.ActiveCfg = Debug|Any CPU
		{1646AB00-EC5F-B0D4-1E1A-323B689ADB0A}.Debug|Any CPU.Build.0 = Debug|Any CPU
		{1646AB00-EC5F-B0D4-1E1A-323B689ADB0A}.Release|Any CPU.ActiveCfg = Release|Any CPU
		{1646AB00-EC5F-B0D4-1E1A-323B689ADB0A}.Release|Any CPU.Build.0 = Release|Any CPU
		{75787DD9-6AF9-F686-C3A5-D6D229C4AACC}.Debug|Any CPU.ActiveCfg = Debug|Any CPU
		{75787DD9-6AF9-F686-C3A5-D6D229C4AACC}.Debug|Any CPU.Build.0 = Debug|Any CPU
		{75787DD9-6AF9-F686-C3A5-D6D229C4AACC}.Release|Any CPU.ActiveCfg = Release|Any CPU
		{75787DD9-6AF9-F686-C3A5-D6D229C4AACC}.Release|Any CPU.Build.0 = Release|Any CPU
		{71A445B6-16BE-AF61-0FD1-7D5563BC972F}.Debug|Any CPU.ActiveCfg = Debug|Any CPU
		{71A445B6-16BE-AF61-0FD1-7D5563BC972F}.Debug|Any CPU.Build.0 = Debug|Any CPU
		{71A445B6-16BE-AF61-0FD1-7D5563BC972F}.Release|Any CPU.ActiveCfg = Release|Any CPU
		{71A445B6-16BE-AF61-0FD1-7D5563BC972F}.Release|Any CPU.Build.0 = Release|Any CPU
		{D98239E2-FA4C-4248-5CFF-E86ADFD4F031}.Debug|Any CPU.ActiveCfg = Debug|Any CPU
		{D98239E2-FA4C-4248-5CFF-E86ADFD4F031}.Debug|Any CPU.Build.0 = Debug|Any CPU
		{D98239E2-FA4C-4248-5CFF-E86ADFD4F031}.Release|Any CPU.ActiveCfg = Release|Any CPU
		{D98239E2-FA4C-4248-5CFF-E86ADFD4F031}.Release|Any CPU.Build.0 = Release|Any CPU
		{2B0D8480-A662-CD06-A20B-41DA768573F9}.Debug|Any CPU.ActiveCfg = Debug|Any CPU
		{2B0D8480-A662-CD06-A20B-41DA768573F9}.Debug|Any CPU.Build.0 = Debug|Any CPU
		{2B0D8480-A662-CD06-A20B-41DA768573F9}.Release|Any CPU.ActiveCfg = Release|Any CPU
		{2B0D8480-A662-CD06-A20B-41DA768573F9}.Release|Any CPU.Build.0 = Release|Any CPU
		{A197169A-CF4E-0FDE-61FC-74A20B78D6B9}.Debug|Any CPU.ActiveCfg = Debug|Any CPU
		{A197169A-CF4E-0FDE-61FC-74A20B78D6B9}.Debug|Any CPU.Build.0 = Debug|Any CPU
		{A197169A-CF4E-0FDE-61FC-74A20B78D6B9}.Release|Any CPU.ActiveCfg = Release|Any CPU
		{A197169A-CF4E-0FDE-61FC-74A20B78D6B9}.Release|Any CPU.Build.0 = Release|Any CPU
		{B143F0A5-2D85-E5D0-0A0C-E1BD583436FB}.Debug|Any CPU.ActiveCfg = Debug|Any CPU
		{B143F0A5-2D85-E5D0-0A0C-E1BD583436FB}.Debug|Any CPU.Build.0 = Debug|Any CPU
		{B143F0A5-2D85-E5D0-0A0C-E1BD583436FB}.Release|Any CPU.ActiveCfg = Release|Any CPU
		{B143F0A5-2D85-E5D0-0A0C-E1BD583436FB}.Release|Any CPU.Build.0 = Release|Any CPU
		{8230A48B-A4C3-2333-1942-A499819A8597}.Debug|Any CPU.ActiveCfg = Debug|Any CPU
		{8230A48B-A4C3-2333-1942-A499819A8597}.Debug|Any CPU.Build.0 = Debug|Any CPU
		{8230A48B-A4C3-2333-1942-A499819A8597}.Release|Any CPU.ActiveCfg = Release|Any CPU
		{8230A48B-A4C3-2333-1942-A499819A8597}.Release|Any CPU.Build.0 = Release|Any CPU
		{4B78A8A3-EF15-26AA-7E25-5E25BA14F6CB}.Debug|Any CPU.ActiveCfg = Debug|Any CPU
		{4B78A8A3-EF15-26AA-7E25-5E25BA14F6CB}.Debug|Any CPU.Build.0 = Debug|Any CPU
		{4B78A8A3-EF15-26AA-7E25-5E25BA14F6CB}.Release|Any CPU.ActiveCfg = Release|Any CPU
		{4B78A8A3-EF15-26AA-7E25-5E25BA14F6CB}.Release|Any CPU.Build.0 = Release|Any CPU
		{536C6E87-4A2B-6649-6940-1C5BABA0BEE7}.Debug|Any CPU.ActiveCfg = Debug|Any CPU
		{536C6E87-4A2B-6649-6940-1C5BABA0BEE7}.Debug|Any CPU.Build.0 = Debug|Any CPU
		{536C6E87-4A2B-6649-6940-1C5BABA0BEE7}.Release|Any CPU.ActiveCfg = Release|Any CPU
		{536C6E87-4A2B-6649-6940-1C5BABA0BEE7}.Release|Any CPU.Build.0 = Release|Any CPU
		{797E1894-8F52-97B6-E8D6-6C01454715AC}.Debug|Any CPU.ActiveCfg = Debug|Any CPU
		{797E1894-8F52-97B6-E8D6-6C01454715AC}.Debug|Any CPU.Build.0 = Debug|Any CPU
		{797E1894-8F52-97B6-E8D6-6C01454715AC}.Release|Any CPU.ActiveCfg = Release|Any CPU
		{797E1894-8F52-97B6-E8D6-6C01454715AC}.Release|Any CPU.Build.0 = Release|Any CPU
		{817717A5-A0A9-674F-F76F-BEA405F9F7E6}.Debug|Any CPU.ActiveCfg = Debug|Any CPU
		{817717A5-A0A9-674F-F76F-BEA405F9F7E6}.Debug|Any CPU.Build.0 = Debug|Any CPU
		{817717A5-A0A9-674F-F76F-BEA405F9F7E6}.Release|Any CPU.ActiveCfg = Release|Any CPU
		{817717A5-A0A9-674F-F76F-BEA405F9F7E6}.Release|Any CPU.Build.0 = Release|Any CPU
		{C3F56C62-BC7A-6033-1DC9-7BED3DBA32B5}.Debug|Any CPU.ActiveCfg = Debug|Any CPU
		{C3F56C62-BC7A-6033-1DC9-7BED3DBA32B5}.Debug|Any CPU.Build.0 = Debug|Any CPU
		{C3F56C62-BC7A-6033-1DC9-7BED3DBA32B5}.Release|Any CPU.ActiveCfg = Release|Any CPU
		{C3F56C62-BC7A-6033-1DC9-7BED3DBA32B5}.Release|Any CPU.Build.0 = Release|Any CPU
		{0AC345C3-F612-CC79-D418-570F376BCA0F}.Debug|Any CPU.ActiveCfg = Debug|Any CPU
		{0AC345C3-F612-CC79-D418-570F376BCA0F}.Debug|Any CPU.Build.0 = Debug|Any CPU
		{0AC345C3-F612-CC79-D418-570F376BCA0F}.Release|Any CPU.ActiveCfg = Release|Any CPU
		{0AC345C3-F612-CC79-D418-570F376BCA0F}.Release|Any CPU.Build.0 = Release|Any CPU
		{7BE5096C-2041-EA11-9BE0-0981D1BCF158}.Debug|Any CPU.ActiveCfg = Debug|Any CPU
		{7BE5096C-2041-EA11-9BE0-0981D1BCF158}.Debug|Any CPU.Build.0 = Debug|Any CPU
		{7BE5096C-2041-EA11-9BE0-0981D1BCF158}.Release|Any CPU.ActiveCfg = Release|Any CPU
		{7BE5096C-2041-EA11-9BE0-0981D1BCF158}.Release|Any CPU.Build.0 = Release|Any CPU
		{8D9D26BD-A4DC-B4F8-D3E2-EEF4B03B3630}.Debug|Any CPU.ActiveCfg = Debug|Any CPU
		{8D9D26BD-A4DC-B4F8-D3E2-EEF4B03B3630}.Debug|Any CPU.Build.0 = Debug|Any CPU
		{8D9D26BD-A4DC-B4F8-D3E2-EEF4B03B3630}.Release|Any CPU.ActiveCfg = Release|Any CPU
		{8D9D26BD-A4DC-B4F8-D3E2-EEF4B03B3630}.Release|Any CPU.Build.0 = Release|Any CPU
		{709BCF56-41D7-2F7E-AB8F-204F4251E549}.Debug|Any CPU.ActiveCfg = Debug|Any CPU
		{709BCF56-41D7-2F7E-AB8F-204F4251E549}.Debug|Any CPU.Build.0 = Debug|Any CPU
		{709BCF56-41D7-2F7E-AB8F-204F4251E549}.Release|Any CPU.ActiveCfg = Release|Any CPU
		{709BCF56-41D7-2F7E-AB8F-204F4251E549}.Release|Any CPU.Build.0 = Release|Any CPU
		{ED02CB59-E568-789F-8A56-91384DFE88A1}.Debug|Any CPU.ActiveCfg = Debug|Any CPU
		{ED02CB59-E568-789F-8A56-91384DFE88A1}.Debug|Any CPU.Build.0 = Debug|Any CPU
		{ED02CB59-E568-789F-8A56-91384DFE88A1}.Release|Any CPU.ActiveCfg = Release|Any CPU
		{ED02CB59-E568-789F-8A56-91384DFE88A1}.Release|Any CPU.Build.0 = Release|Any CPU
		{51F24C2A-9FBA-54F4-65B5-07C196B17436}.Debug|Any CPU.ActiveCfg = Debug|Any CPU
		{51F24C2A-9FBA-54F4-65B5-07C196B17436}.Debug|Any CPU.Build.0 = Debug|Any CPU
		{51F24C2A-9FBA-54F4-65B5-07C196B17436}.Release|Any CPU.ActiveCfg = Release|Any CPU
		{51F24C2A-9FBA-54F4-65B5-07C196B17436}.Release|Any CPU.Build.0 = Release|Any CPU
		{8EE98703-C511-4B42-9987-0C0DD1E08158}.Debug|Any CPU.ActiveCfg = Debug|Any CPU
		{8EE98703-C511-4B42-9987-0C0DD1E08158}.Debug|Any CPU.Build.0 = Debug|Any CPU
		{8EE98703-C511-4B42-9987-0C0DD1E08158}.Release|Any CPU.ActiveCfg = Release|Any CPU
		{8EE98703-C511-4B42-9987-0C0DD1E08158}.Release|Any CPU.Build.0 = Release|Any CPU
		{188A7070-A40C-4D34-AF11-CC5C850A2C48}.Debug|Any CPU.ActiveCfg = Debug|Any CPU
		{188A7070-A40C-4D34-AF11-CC5C850A2C48}.Debug|Any CPU.Build.0 = Debug|Any CPU
		{188A7070-A40C-4D34-AF11-CC5C850A2C48}.Release|Any CPU.ActiveCfg = Release|Any CPU
		{188A7070-A40C-4D34-AF11-CC5C850A2C48}.Release|Any CPU.Build.0 = Release|Any CPU
	EndGlobalSection
	GlobalSection(SolutionProperties) = preSolution
		HideSolutionNode = FALSE
	EndGlobalSection
	GlobalSection(NestedProjects) = preSolution
		{02EA681E-C7D8-13C7-8484-4AC65E1B71E8} = {362C5453-F0ED-480E-A297-F94779B3805F}
		{C888937B-F5A9-488A-869E-5D30B657409A} = {362C5453-F0ED-480E-A297-F94779B3805F}
		{F1FDDD6D-5A26-4B0A-920F-57F487A8A777} = {B6D434AF-AA6F-407F-AB28-FDF146EFAB97}
		{0BACF8DF-122A-4759-BE1D-B022812B5603} = {B6D434AF-AA6F-407F-AB28-FDF146EFAB97}
		{72EF5778-03FB-E585-0E76-89BE6D68565B} = {B6D434AF-AA6F-407F-AB28-FDF146EFAB97}
		{E9EABBE4-F949-4892-A7D1-6C1E8A3DDAFC} = {B6D434AF-AA6F-407F-AB28-FDF146EFAB97}
		{CCF3C8B4-23D7-4FA3-B481-9B1C6B28FE81} = {B6D434AF-AA6F-407F-AB28-FDF146EFAB97}
		{AE100265-AB3A-4EC9-839A-F0E8D761A00E} = {B6D434AF-AA6F-407F-AB28-FDF146EFAB97}
		{39EF22DF-52DC-4989-A50E-12C445D4E7EE} = {90C68CD0-9657-46C7-865E-C27B83631C29}
		{B46FDDEE-AA04-439F-B8B2-F293374C92A0} = {B6D434AF-AA6F-407F-AB28-FDF146EFAB97}
		{EE8E8488-318F-4CAC-856F-231D6AC3D471} = {B6D434AF-AA6F-407F-AB28-FDF146EFAB97}
		{2F909A91-8CF2-4DE6-8F54-040BB4DEA993} = {90C68CD0-9657-46C7-865E-C27B83631C29}
		{F723E1A0-BCDC-144D-02E2-684E60DB585A} = {90C68CD0-9657-46C7-865E-C27B83631C29}
		{0DB2D6CF-E11D-4252-BFDE-903514A9686B} = {B6D434AF-AA6F-407F-AB28-FDF146EFAB97}
		{B0121799-2A6A-4C25-98AE-F3867E92836C} = {362C5453-F0ED-480E-A297-F94779B3805F}
		{EDE71A67-93F9-40C2-BA77-733E51A8010A} = {90C68CD0-9657-46C7-865E-C27B83631C29}
		{85BB0DCE-C904-41C1-7178-C9F6242EFD87} = {90C68CD0-9657-46C7-865E-C27B83631C29}
		{CB93A916-156C-D267-2C81-52739AD63ED2} = {C888937B-F5A9-488A-869E-5D30B657409A}
		{4ED1D091-12D2-8731-8010-60CE2FAD3DA8} = {C888937B-F5A9-488A-869E-5D30B657409A}
		{797589F5-C8BF-7D56-8438-9D29BF23EE83} = {C888937B-F5A9-488A-869E-5D30B657409A}
		{76629C96-CE3A-CBB9-D91A-200E375DE871} = {B0121799-2A6A-4C25-98AE-F3867E92836C}
		{05BEFA48-F955-8EBA-A9BA-8F6FDC577105} = {B0121799-2A6A-4C25-98AE-F3867E92836C}
		{A592E9F8-86DA-7516-6BE8-8349E1B354FF} = {02EA681E-C7D8-13C7-8484-4AC65E1B71E8}
		{DB59D9EF-787C-FC27-60D4-C9C84B9E3174} = {02EA681E-C7D8-13C7-8484-4AC65E1B71E8}
		{15D5E0C7-BC5D-0833-2CEC-6BAE1E2ED233} = {362C5453-F0ED-480E-A297-F94779B3805F}
		{1646AB00-EC5F-B0D4-1E1A-323B689ADB0A} = {362C5453-F0ED-480E-A297-F94779B3805F}
		{75787DD9-6AF9-F686-C3A5-D6D229C4AACC} = {362C5453-F0ED-480E-A297-F94779B3805F}
		{71A445B6-16BE-AF61-0FD1-7D5563BC972F} = {362C5453-F0ED-480E-A297-F94779B3805F}
		{DE9DF2F2-4FAD-463B-93F4-9B4711507AEF} = {362C5453-F0ED-480E-A297-F94779B3805F}
		{D98239E2-FA4C-4248-5CFF-E86ADFD4F031} = {DE9DF2F2-4FAD-463B-93F4-9B4711507AEF}
		{2B0D8480-A662-CD06-A20B-41DA768573F9} = {362C5453-F0ED-480E-A297-F94779B3805F}
		{A197169A-CF4E-0FDE-61FC-74A20B78D6B9} = {362C5453-F0ED-480E-A297-F94779B3805F}
		{B143F0A5-2D85-E5D0-0A0C-E1BD583436FB} = {362C5453-F0ED-480E-A297-F94779B3805F}
		{8230A48B-A4C3-2333-1942-A499819A8597} = {362C5453-F0ED-480E-A297-F94779B3805F}
		{4B78A8A3-EF15-26AA-7E25-5E25BA14F6CB} = {362C5453-F0ED-480E-A297-F94779B3805F}
		{536C6E87-4A2B-6649-6940-1C5BABA0BEE7} = {362C5453-F0ED-480E-A297-F94779B3805F}
		{797E1894-8F52-97B6-E8D6-6C01454715AC} = {362C5453-F0ED-480E-A297-F94779B3805F}
		{817717A5-A0A9-674F-F76F-BEA405F9F7E6} = {362C5453-F0ED-480E-A297-F94779B3805F}
		{C3F56C62-BC7A-6033-1DC9-7BED3DBA32B5} = {362C5453-F0ED-480E-A297-F94779B3805F}
		{0AC345C3-F612-CC79-D418-570F376BCA0F} = {362C5453-F0ED-480E-A297-F94779B3805F}
		{7BE5096C-2041-EA11-9BE0-0981D1BCF158} = {362C5453-F0ED-480E-A297-F94779B3805F}
		{709BCF56-41D7-2F7E-AB8F-204F4251E549} = {37D7AA1C-4D3F-4BA7-81D9-D0C3E7EFFCE2}
		{ED02CB59-E568-789F-8A56-91384DFE88A1} = {B6D434AF-AA6F-407F-AB28-FDF146EFAB97}
		{51F24C2A-9FBA-54F4-65B5-07C196B17436} = {02EA681E-C7D8-13C7-8484-4AC65E1B71E8}
		{8EE98703-C511-4B42-9987-0C0DD1E08158} = {02EA681E-C7D8-13C7-8484-4AC65E1B71E8}
		{188A7070-A40C-4D34-AF11-CC5C850A2C48} = {02EA681E-C7D8-13C7-8484-4AC65E1B71E8}
	EndGlobalSection
	GlobalSection(ExtensibilityGlobals) = postSolution
		SolutionGuid = {8E98753D-786C-427A-9051-6515CCB6B063}
	EndGlobalSection
EndGlobal
