
Microsoft Visual Studio Solution File, Format Version 12.00
# Visual Studio Version 18
VisualStudioVersion = 18.0.11205.157
MinimumVisualStudioVersion = 10.0.40219.1
Project("{9A19103F-16F7-4668-BE54-9A1E7A4F7556}") = "ButlerSDK.Core", "ProjectDependants\JerryChatbox\ButlerSDK.Core.csproj", "{6AE5E9F0-211B-41E1-BF49-9F7EBFCB549B}"
EndProject
Project("{9A19103F-16F7-4668-BE54-9A1E7A4F7556}") = "ButlerTestBed", "ProjectDependants\JerryTestBed\ButlerTestBed.csproj", "{48D9CAE7-4098-4165-A79F-2FC8624D7D05}"
EndProject
Project("{2150E333-8FDC-42A3-9474-1A3956D46DE8}") = "LocalDepends", "LocalDepends", "{362C5453-F0ED-480E-A297-F94779B3805F}"
EndProject
Project("{9A19103F-16F7-4668-BE54-9A1E7A4F7556}") = "ButlerSDK.ApiKeyMgr", "ApiKeyMgr\ButlerSDK.ApiKeyMgr.csproj", "{F9AE5C16-EEB7-4ABD-817E-18935F72DFD4}"
EndProject
Project("{FAE04EC0-301F-11D3-BF4B-00C04F79EFBC}") = "ApiKeys", "ApiKeys\ApiKeys.csproj", "{04050F8C-745F-4241-BBAF-999D683777F9}"
EndProject
Project("{2150E333-8FDC-42A3-9474-1A3956D46DE8}") = "ProviderWrappers", "ProviderWrappers", "{02EA681E-C7D8-13C7-8484-4AC65E1B71E8}"
EndProject
Project("{FAE04EC0-301F-11D3-BF4B-00C04F79EFBC}") = "ButlerSDK.Provider.OpenAI", "Butler5ProviderOpenAI\ButlerSDK.Provider.OpenAI.csproj", "{DDDC39C4-3F43-484F-9632-E4BFC49A0DA3}"
EndProject
Project("{2150E333-8FDC-42A3-9474-1A3956D46DE8}") = "ApiKeyHandling", "ApiKeyHandling", "{C888937B-F5A9-488A-869E-5D30B657409A}"
EndProject
Project("{FAE04EC0-301F-11D3-BF4B-00C04F79EFBC}") = "ApiKeyVaultCreation", "ApiKeyVaultCreation\ApiKeyVaultCreation.csproj", "{4176ABB8-DB3E-4E9C-90B8-B07F765DF549}"
EndProject
Project("{2150E333-8FDC-42A3-9474-1A3956D46DE8}") = "UnitTests", "UnitTests", "{B6D434AF-AA6F-407F-AB28-FDF146EFAB97}"
EndProject
Project("{FAE04EC0-301F-11D3-BF4B-00C04F79EFBC}") = "ProviderUnitTests_Openai", "UnitTests\LLMProviderUnitTests\OpenAiProvider\ProviderUnitTests_Openai.csproj", "{F1FDDD6D-5A26-4B0A-920F-57F487A8A777}"
EndProject
Project("{FAE04EC0-301F-11D3-BF4B-00C04F79EFBC}") = "CoreUnitTests", "UnitTests\CoreUnitTests\CoreUnitTests.csproj", "{0BACF8DF-122A-4759-BE1D-B022812B5603}"
EndProject
Project("{FAE04EC0-301F-11D3-BF4B-00C04F79EFBC}") = "Butler5ProviderMock", "UnitTests\Butler5ProviderMock\Butler5ProviderMock.csproj", "{72EF5778-03FB-E585-0E76-89BE6D68565B}"
EndProject
Project("{FAE04EC0-301F-11D3-BF4B-00C04F79EFBC}") = "UnitTestDataTypes", "UnitTests\UnitTestDataTypes\UnitTestDataTypes.csproj", "{E9EABBE4-F949-4892-A7D1-6C1E8A3DDAFC}"
EndProject
Project("{FAE04EC0-301F-11D3-BF4B-00C04F79EFBC}") = "ButlerSDK.ApiKeyMgr.WindowsKeyMgr", "WindowsKeyMgr\ButlerSDK.ApiKeyMgr.WindowsKeyMgr.csproj", "{2890498B-7634-49F0-A52F-248378BB238F}"
EndProject
Project("{FAE04EC0-301F-11D3-BF4B-00C04F79EFBC}") = "WindowApiKeyMgr_Tests", "UnitTests\WindowApiKeyMgr_Tests\WindowApiKeyMgr_Tests.csproj", "{CCF3C8B4-23D7-4FA3-B481-9B1C6B28FE81}"
EndProject
Project("{2150E333-8FDC-42A3-9474-1A3956D46DE8}") = "Examples", "Examples", "{90C68CD0-9657-46C7-865E-C27B83631C29}"
EndProject
Project("{FAE04EC0-301F-11D3-BF4B-00C04F79EFBC}") = "ButlerSDK.Provider.Gemini", "Butler5ProviderGemini\ButlerSDK.Provider.Gemini.csproj", "{DD02A8EE-BB68-4BB9-9829-F0D8B608A536}"
EndProject
Project("{FAE04EC0-301F-11D3-BF4B-00C04F79EFBC}") = "ButlerSDK.Provider.OpenAI.Ollama", "Butler5ProviderOllama\ButlerSDK.Provider.OpenAI.Ollama.csproj", "{3EC16CDA-F5A9-49D6-9BCB-EB50C56C2D0A}"
EndProject
Project("{FAE04EC0-301F-11D3-BF4B-00C04F79EFBC}") = "ProviderUnitTests_Gemini", "UnitTests\LLMProviderUnitTests\GeminiProvider\ProviderUnitTests_Gemini.csproj", "{AE100265-AB3A-4EC9-839A-F0E8D761A00E}"
EndProject
Project("{2150E333-8FDC-42A3-9474-1A3956D46DE8}") = "Solution Items", "Solution Items", "{4340671B-B53B-448B-8A0A-C12F10D4DCF8}"
	ProjectSection(SolutionItems) = preProject
		.editorconfig = .editorconfig
		doc\ButlerVault.txt = doc\ButlerVault.txt
		doc\CreatingACustomCounterMeasures.txt = doc\CreatingACustomCounterMeasures.txt
		doc\CreatingACustomProvider.txt = doc\CreatingACustomProvider.txt
		doc\CreatingACustomTool.txt = doc\CreatingACustomTool.txt
		readme.md = readme.md
		doc\ShowingOff.txt = doc\ShowingOff.txt
		doc\SupportedProviders.txt = doc\SupportedProviders.txt
		doc\TheRoadMap.txt = doc\TheRoadMap.txt
	EndProjectSection
EndProject
Project("{FAE04EC0-301F-11D3-BF4B-00C04F79EFBC}") = "TimePunch", "Examples\TimePunch\TimePunch.csproj", "{39EF22DF-52DC-4989-A50E-12C445D4E7EE}"
EndProject
Project("{FAE04EC0-301F-11D3-BF4B-00C04F79EFBC}") = "ButlerSDK.SecureStringHelper", "SecureStringHelper\ButlerSDK.SecureStringHelper.csproj", "{7E766429-1E6F-40D0-B6A0-E103B93FDEC3}"
EndProject
Project("{FAE04EC0-301F-11D3-BF4B-00C04F79EFBC}") = "SecureStringTests", "UnitTests\SecureStringTests\SecureStringTests.csproj", "{B46FDDEE-AA04-439F-B8B2-F293374C92A0}"
EndProject
Project("{FAE04EC0-301F-11D3-BF4B-00C04F79EFBC}") = "TrenchCoatTests", "UnitTests\TrenchCoatTests\TrenchCoatTests.csproj", "{EE8E8488-318F-4CAC-856F-231D6AC3D471}"
EndProject
Project("{FAE04EC0-301F-11D3-BF4B-00C04F79EFBC}") = "CallingAToolGemini", "Examples\CallingATool\CallingAToolGemini.csproj", "{2F909A91-8CF2-4DE6-8F54-040BB4DEA993}"
EndProject
Project("{FAE04EC0-301F-11D3-BF4B-00C04F79EFBC}") = "QuickStartOpenAi", "Examples\QuickStart\QuickStartOpenAi.csproj", "{F723E1A0-BCDC-144D-02E2-684E60DB585A}"
EndProject
Project("{FAE04EC0-301F-11D3-BF4B-00C04F79EFBC}") = "EnvApiKeyApiTests", "UnitTests\EnvApiKeyApiTests\EnvApiKeyApiTests.csproj", "{0DB2D6CF-E11D-4252-BFDE-903514A9686B}"
EndProject
Project("{FAE04EC0-301F-11D3-BF4B-00C04F79EFBC}") = "ButlerSDK.Tools.DiscovererTool", "DiscovererTool\ButlerSDK.Tools.DiscovererTool.csproj", "{0325EBC6-B355-4972-A83A-D4F530B191E2}"
EndProject
Project("{FAE04EC0-301F-11D3-BF4B-00C04F79EFBC}") = "ButlerSDK.Tools.ButlerToolBase", "BasicToolStarterClass\ButlerSDK.Tools.ButlerToolBase.csproj", "{3CE63704-845E-487E-BD1C-D9F60F8A9BB3}"
EndProject
Project("{FAE04EC0-301F-11D3-BF4B-00C04F79EFBC}") = "ButlerSDK.Tools.ButlerSystemToolBase", "ButlerSystemToolBase\ButlerSDK.Tools.ButlerSystemToolBase.csproj", "{71667D9D-A4CF-4ED0-8B22-A103572EEB14}"
EndProject
Project("{FAE04EC0-301F-11D3-BF4B-00C04F79EFBC}") = "ButlerSDK.Tools.Bench", "ButlerToolBench\ButlerSDK.Tools.Bench.csproj", "{64C230D5-79BE-48E8-8236-845157BCACAC}"
EndProject
Project("{FAE04EC0-301F-11D3-BF4B-00C04F79EFBC}") = "ButlerSDK.ApiRateLimiter", "ApiRateLimiter\ButlerSDK.ApiRateLimiter.csproj", "{0EBFA037-F322-443C-9486-EDBE978BF659}"
EndProject
Project("{FAE04EC0-301F-11D3-BF4B-00C04F79EFBC}") = "ButlerSDK.Tools.ToolSurface", "ToolSurface\ButlerSDK.Tools.ToolSurface.csproj", "{9E999976-81D8-401E-AE2B-26B081C0F844}"
EndProject
Project("{FAE04EC0-301F-11D3-BF4B-00C04F79EFBC}") = "ButlerSDK.ChatController", "ButlerBaseInternal\ButlerSDK.ChatController.csproj", "{D90278C0-89D1-4BE2-ABEC-3FF74317F078}"
EndProject
Project("{FAE04EC0-301F-11D3-BF4B-00C04F79EFBC}") = "ButlerSDK.Tools.ExternProcessLauncher", "ExternProcessLauncher\ButlerSDK.Tools.ExternProcessLauncher.csproj", "{E4FEDDB3-16DE-4F2E-9297-428AAEFA1977}"
EndProject
Project("{FAE04EC0-301F-11D3-BF4B-00C04F79EFBC}") = "ButlerSDK.Tools.ExternProcessLauncher.Network.Windows", "ExternProcessNetworkToolsWindows\ButlerSDK.Tools.ExternProcessLauncher.Network.Windows.csproj", "{DB5166D2-C6FF-49AB-9BF4-C7D196F27182}"
EndProject
Project("{FAE04EC0-301F-11D3-BF4B-00C04F79EFBC}") = "ButlerSDK.Tools.Network", "NonExtNetworkTools\ButlerSDK.Tools.Network.csproj", "{9C6ED5EB-0AC4-4FA3-9F81-D5A91711B28A}"
EndProject
Project("{FAE04EC0-301F-11D3-BF4B-00C04F79EFBC}") = "ButlerSDK.Tools.VirtualTool", "VirtualTool\ButlerSDK.Tools.VirtualTool.csproj", "{2E90BA9E-A700-4147-A5E1-72565A0B4AF1}"
EndProject
Project("{2150E333-8FDC-42A3-9474-1A3956D46DE8}") = "Nugets", "Nugets", "{993CC020-03CC-4668-97EF-178F09B6C4BC}"
EndProject
Project("{2150E333-8FDC-42A3-9474-1A3956D46DE8}") = "HeavyTools", "HeavyTools", "{B0121799-2A6A-4C25-98AE-F3867E92836C}"
EndProject
Project("{FAE04EC0-301F-11D3-BF4B-00C04F79EFBC}") = "ButlerSDK.Tools.WebBrowserTool", "ProjectDependants\WebBrowserTool\ButlerSDK.Tools.WebBrowserTool.csproj", "{AD18E33F-431C-49F9-BA64-44F38DE29E71}"
EndProject
Project("{FAE04EC0-301F-11D3-BF4B-00C04F79EFBC}") = "ButlerSDK.Core.Abstractions", "CommonProtocol\ButlerSDK.Core.Abstractions.csproj", "{83FEA087-FCDA-45A3-A727-ED24F8532096}"
EndProject
Project("{FAE04EC0-301F-11D3-BF4B-00C04F79EFBC}") = "ButlerSDK.Tools.AzureMaps", "ButlerSDK.Tools.AzureMaps\ButlerSDK.Tools.AzureMaps.csproj", "{2EB9ABAE-1FF4-415F-90F0-B50B3DA82EF5}"
EndProject
Project("{FAE04EC0-301F-11D3-BF4B-00C04F79EFBC}") = "NugetTest", "Examples\NugetTest\NugetTest.csproj", "{EDE71A67-93F9-40C2-BA77-733E51A8010A}"
EndProject
Project("{FAE04EC0-301F-11D3-BF4B-00C04F79EFBC}") = "ButlerSDK.ChatCollections", "ButlerSDK.ChatCollections\ButlerSDK.ChatCollections.csproj", "{6277C530-ADC8-4E7D-B6F1-811D935F3551}"
EndProject
Global
	GlobalSection(SolutionConfigurationPlatforms) = preSolution
		Debug|Any CPU = Debug|Any CPU
		Release|Any CPU = Release|Any CPU
	EndGlobalSection
	GlobalSection(ProjectConfigurationPlatforms) = postSolution
		{6AE5E9F0-211B-41E1-BF49-9F7EBFCB549B}.Debug|Any CPU.ActiveCfg = Debug|Any CPU
		{6AE5E9F0-211B-41E1-BF49-9F7EBFCB549B}.Debug|Any CPU.Build.0 = Debug|Any CPU
		{6AE5E9F0-211B-41E1-BF49-9F7EBFCB549B}.Release|Any CPU.ActiveCfg = Release|Any CPU
		{6AE5E9F0-211B-41E1-BF49-9F7EBFCB549B}.Release|Any CPU.Build.0 = Release|Any CPU
		{48D9CAE7-4098-4165-A79F-2FC8624D7D05}.Debug|Any CPU.ActiveCfg = Debug|Any CPU
		{48D9CAE7-4098-4165-A79F-2FC8624D7D05}.Debug|Any CPU.Build.0 = Debug|Any CPU
		{48D9CAE7-4098-4165-A79F-2FC8624D7D05}.Release|Any CPU.ActiveCfg = Release|Any CPU
		{48D9CAE7-4098-4165-A79F-2FC8624D7D05}.Release|Any CPU.Build.0 = Release|Any CPU
		{F9AE5C16-EEB7-4ABD-817E-18935F72DFD4}.Debug|Any CPU.ActiveCfg = Debug|Any CPU
		{F9AE5C16-EEB7-4ABD-817E-18935F72DFD4}.Debug|Any CPU.Build.0 = Debug|Any CPU
		{F9AE5C16-EEB7-4ABD-817E-18935F72DFD4}.Release|Any CPU.ActiveCfg = Release|Any CPU
		{F9AE5C16-EEB7-4ABD-817E-18935F72DFD4}.Release|Any CPU.Build.0 = Release|Any CPU
		{04050F8C-745F-4241-BBAF-999D683777F9}.Debug|Any CPU.ActiveCfg = Debug|Any CPU
		{04050F8C-745F-4241-BBAF-999D683777F9}.Debug|Any CPU.Build.0 = Debug|Any CPU
		{04050F8C-745F-4241-BBAF-999D683777F9}.Release|Any CPU.ActiveCfg = Release|Any CPU
		{04050F8C-745F-4241-BBAF-999D683777F9}.Release|Any CPU.Build.0 = Release|Any CPU
		{DDDC39C4-3F43-484F-9632-E4BFC49A0DA3}.Debug|Any CPU.ActiveCfg = Debug|Any CPU
		{DDDC39C4-3F43-484F-9632-E4BFC49A0DA3}.Debug|Any CPU.Build.0 = Debug|Any CPU
		{DDDC39C4-3F43-484F-9632-E4BFC49A0DA3}.Release|Any CPU.ActiveCfg = Release|Any CPU
		{DDDC39C4-3F43-484F-9632-E4BFC49A0DA3}.Release|Any CPU.Build.0 = Release|Any CPU
		{4176ABB8-DB3E-4E9C-90B8-B07F765DF549}.Debug|Any CPU.ActiveCfg = Debug|Any CPU
		{4176ABB8-DB3E-4E9C-90B8-B07F765DF549}.Debug|Any CPU.Build.0 = Debug|Any CPU
		{4176ABB8-DB3E-4E9C-90B8-B07F765DF549}.Release|Any CPU.ActiveCfg = Release|Any CPU
		{4176ABB8-DB3E-4E9C-90B8-B07F765DF549}.Release|Any CPU.Build.0 = Release|Any CPU
		{F1FDDD6D-5A26-4B0A-920F-57F487A8A777}.Debug|Any CPU.ActiveCfg = Debug|Any CPU
		{F1FDDD6D-5A26-4B0A-920F-57F487A8A777}.Debug|Any CPU.Build.0 = Debug|Any CPU
		{F1FDDD6D-5A26-4B0A-920F-57F487A8A777}.Release|Any CPU.ActiveCfg = Release|Any CPU
		{F1FDDD6D-5A26-4B0A-920F-57F487A8A777}.Release|Any CPU.Build.0 = Release|Any CPU
		{0BACF8DF-122A-4759-BE1D-B022812B5603}.Debug|Any CPU.ActiveCfg = Debug|Any CPU
		{0BACF8DF-122A-4759-BE1D-B022812B5603}.Debug|Any CPU.Build.0 = Debug|Any CPU
		{0BACF8DF-122A-4759-BE1D-B022812B5603}.Release|Any CPU.ActiveCfg = Release|Any CPU
		{0BACF8DF-122A-4759-BE1D-B022812B5603}.Release|Any CPU.Build.0 = Release|Any CPU
		{72EF5778-03FB-E585-0E76-89BE6D68565B}.Debug|Any CPU.ActiveCfg = Debug|Any CPU
		{72EF5778-03FB-E585-0E76-89BE6D68565B}.Debug|Any CPU.Build.0 = Debug|Any CPU
		{72EF5778-03FB-E585-0E76-89BE6D68565B}.Release|Any CPU.ActiveCfg = Release|Any CPU
		{72EF5778-03FB-E585-0E76-89BE6D68565B}.Release|Any CPU.Build.0 = Release|Any CPU
		{E9EABBE4-F949-4892-A7D1-6C1E8A3DDAFC}.Debug|Any CPU.ActiveCfg = Debug|Any CPU
		{E9EABBE4-F949-4892-A7D1-6C1E8A3DDAFC}.Debug|Any CPU.Build.0 = Debug|Any CPU
		{E9EABBE4-F949-4892-A7D1-6C1E8A3DDAFC}.Release|Any CPU.ActiveCfg = Release|Any CPU
		{E9EABBE4-F949-4892-A7D1-6C1E8A3DDAFC}.Release|Any CPU.Build.0 = Release|Any CPU
		{2890498B-7634-49F0-A52F-248378BB238F}.Debug|Any CPU.ActiveCfg = Debug|Any CPU
		{2890498B-7634-49F0-A52F-248378BB238F}.Debug|Any CPU.Build.0 = Debug|Any CPU
		{2890498B-7634-49F0-A52F-248378BB238F}.Release|Any CPU.ActiveCfg = Release|Any CPU
		{2890498B-7634-49F0-A52F-248378BB238F}.Release|Any CPU.Build.0 = Release|Any CPU
		{CCF3C8B4-23D7-4FA3-B481-9B1C6B28FE81}.Debug|Any CPU.ActiveCfg = Debug|Any CPU
		{CCF3C8B4-23D7-4FA3-B481-9B1C6B28FE81}.Debug|Any CPU.Build.0 = Debug|Any CPU
		{CCF3C8B4-23D7-4FA3-B481-9B1C6B28FE81}.Release|Any CPU.ActiveCfg = Release|Any CPU
		{CCF3C8B4-23D7-4FA3-B481-9B1C6B28FE81}.Release|Any CPU.Build.0 = Release|Any CPU
		{DD02A8EE-BB68-4BB9-9829-F0D8B608A536}.Debug|Any CPU.ActiveCfg = Debug|Any CPU
		{DD02A8EE-BB68-4BB9-9829-F0D8B608A536}.Debug|Any CPU.Build.0 = Debug|Any CPU
		{DD02A8EE-BB68-4BB9-9829-F0D8B608A536}.Release|Any CPU.ActiveCfg = Release|Any CPU
		{DD02A8EE-BB68-4BB9-9829-F0D8B608A536}.Release|Any CPU.Build.0 = Release|Any CPU
		{3EC16CDA-F5A9-49D6-9BCB-EB50C56C2D0A}.Debug|Any CPU.ActiveCfg = Debug|Any CPU
		{3EC16CDA-F5A9-49D6-9BCB-EB50C56C2D0A}.Debug|Any CPU.Build.0 = Debug|Any CPU
		{3EC16CDA-F5A9-49D6-9BCB-EB50C56C2D0A}.Release|Any CPU.ActiveCfg = Release|Any CPU
		{3EC16CDA-F5A9-49D6-9BCB-EB50C56C2D0A}.Release|Any CPU.Build.0 = Release|Any CPU
		{AE100265-AB3A-4EC9-839A-F0E8D761A00E}.Debug|Any CPU.ActiveCfg = Debug|Any CPU
		{AE100265-AB3A-4EC9-839A-F0E8D761A00E}.Debug|Any CPU.Build.0 = Debug|Any CPU
		{AE100265-AB3A-4EC9-839A-F0E8D761A00E}.Release|Any CPU.ActiveCfg = Release|Any CPU
		{AE100265-AB3A-4EC9-839A-F0E8D761A00E}.Release|Any CPU.Build.0 = Release|Any CPU
		{39EF22DF-52DC-4989-A50E-12C445D4E7EE}.Debug|Any CPU.ActiveCfg = Debug|Any CPU
		{39EF22DF-52DC-4989-A50E-12C445D4E7EE}.Debug|Any CPU.Build.0 = Debug|Any CPU
		{39EF22DF-52DC-4989-A50E-12C445D4E7EE}.Release|Any CPU.ActiveCfg = Release|Any CPU
		{39EF22DF-52DC-4989-A50E-12C445D4E7EE}.Release|Any CPU.Build.0 = Release|Any CPU
		{7E766429-1E6F-40D0-B6A0-E103B93FDEC3}.Debug|Any CPU.ActiveCfg = Debug|Any CPU
		{7E766429-1E6F-40D0-B6A0-E103B93FDEC3}.Debug|Any CPU.Build.0 = Debug|Any CPU
		{7E766429-1E6F-40D0-B6A0-E103B93FDEC3}.Release|Any CPU.ActiveCfg = Release|Any CPU
		{7E766429-1E6F-40D0-B6A0-E103B93FDEC3}.Release|Any CPU.Build.0 = Release|Any CPU
		{B46FDDEE-AA04-439F-B8B2-F293374C92A0}.Debug|Any CPU.ActiveCfg = Debug|Any CPU
		{B46FDDEE-AA04-439F-B8B2-F293374C92A0}.Debug|Any CPU.Build.0 = Debug|Any CPU
		{B46FDDEE-AA04-439F-B8B2-F293374C92A0}.Release|Any CPU.ActiveCfg = Release|Any CPU
		{B46FDDEE-AA04-439F-B8B2-F293374C92A0}.Release|Any CPU.Build.0 = Release|Any CPU
		{EE8E8488-318F-4CAC-856F-231D6AC3D471}.Debug|Any CPU.ActiveCfg = Debug|Any CPU
		{EE8E8488-318F-4CAC-856F-231D6AC3D471}.Debug|Any CPU.Build.0 = Debug|Any CPU
		{EE8E8488-318F-4CAC-856F-231D6AC3D471}.Release|Any CPU.ActiveCfg = Release|Any CPU
		{EE8E8488-318F-4CAC-856F-231D6AC3D471}.Release|Any CPU.Build.0 = Release|Any CPU
		{2F909A91-8CF2-4DE6-8F54-040BB4DEA993}.Debug|Any CPU.ActiveCfg = Debug|Any CPU
		{2F909A91-8CF2-4DE6-8F54-040BB4DEA993}.Debug|Any CPU.Build.0 = Debug|Any CPU
		{2F909A91-8CF2-4DE6-8F54-040BB4DEA993}.Release|Any CPU.ActiveCfg = Release|Any CPU
		{2F909A91-8CF2-4DE6-8F54-040BB4DEA993}.Release|Any CPU.Build.0 = Release|Any CPU
		{F723E1A0-BCDC-144D-02E2-684E60DB585A}.Debug|Any CPU.ActiveCfg = Debug|Any CPU
		{F723E1A0-BCDC-144D-02E2-684E60DB585A}.Debug|Any CPU.Build.0 = Debug|Any CPU
		{F723E1A0-BCDC-144D-02E2-684E60DB585A}.Release|Any CPU.ActiveCfg = Release|Any CPU
		{F723E1A0-BCDC-144D-02E2-684E60DB585A}.Release|Any CPU.Build.0 = Release|Any CPU
		{0DB2D6CF-E11D-4252-BFDE-903514A9686B}.Debug|Any CPU.ActiveCfg = Debug|Any CPU
		{0DB2D6CF-E11D-4252-BFDE-903514A9686B}.Debug|Any CPU.Build.0 = Debug|Any CPU
		{0DB2D6CF-E11D-4252-BFDE-903514A9686B}.Release|Any CPU.ActiveCfg = Release|Any CPU
		{0DB2D6CF-E11D-4252-BFDE-903514A9686B}.Release|Any CPU.Build.0 = Release|Any CPU
		{0325EBC6-B355-4972-A83A-D4F530B191E2}.Debug|Any CPU.ActiveCfg = Debug|Any CPU
		{0325EBC6-B355-4972-A83A-D4F530B191E2}.Debug|Any CPU.Build.0 = Debug|Any CPU
		{0325EBC6-B355-4972-A83A-D4F530B191E2}.Release|Any CPU.ActiveCfg = Release|Any CPU
		{0325EBC6-B355-4972-A83A-D4F530B191E2}.Release|Any CPU.Build.0 = Release|Any CPU
		{3CE63704-845E-487E-BD1C-D9F60F8A9BB3}.Debug|Any CPU.ActiveCfg = Debug|Any CPU
		{3CE63704-845E-487E-BD1C-D9F60F8A9BB3}.Debug|Any CPU.Build.0 = Debug|Any CPU
		{3CE63704-845E-487E-BD1C-D9F60F8A9BB3}.Release|Any CPU.ActiveCfg = Release|Any CPU
		{3CE63704-845E-487E-BD1C-D9F60F8A9BB3}.Release|Any CPU.Build.0 = Release|Any CPU
		{71667D9D-A4CF-4ED0-8B22-A103572EEB14}.Debug|Any CPU.ActiveCfg = Debug|Any CPU
		{71667D9D-A4CF-4ED0-8B22-A103572EEB14}.Debug|Any CPU.Build.0 = Debug|Any CPU
		{71667D9D-A4CF-4ED0-8B22-A103572EEB14}.Release|Any CPU.ActiveCfg = Release|Any CPU
		{71667D9D-A4CF-4ED0-8B22-A103572EEB14}.Release|Any CPU.Build.0 = Release|Any CPU
		{64C230D5-79BE-48E8-8236-845157BCACAC}.Debug|Any CPU.ActiveCfg = Debug|Any CPU
		{64C230D5-79BE-48E8-8236-845157BCACAC}.Debug|Any CPU.Build.0 = Debug|Any CPU
		{64C230D5-79BE-48E8-8236-845157BCACAC}.Release|Any CPU.ActiveCfg = Release|Any CPU
		{64C230D5-79BE-48E8-8236-845157BCACAC}.Release|Any CPU.Build.0 = Release|Any CPU
		{0EBFA037-F322-443C-9486-EDBE978BF659}.Debug|Any CPU.ActiveCfg = Debug|Any CPU
		{0EBFA037-F322-443C-9486-EDBE978BF659}.Debug|Any CPU.Build.0 = Debug|Any CPU
		{0EBFA037-F322-443C-9486-EDBE978BF659}.Release|Any CPU.ActiveCfg = Release|Any CPU
		{0EBFA037-F322-443C-9486-EDBE978BF659}.Release|Any CPU.Build.0 = Release|Any CPU
		{9E999976-81D8-401E-AE2B-26B081C0F844}.Debug|Any CPU.ActiveCfg = Debug|Any CPU
		{9E999976-81D8-401E-AE2B-26B081C0F844}.Debug|Any CPU.Build.0 = Debug|Any CPU
		{9E999976-81D8-401E-AE2B-26B081C0F844}.Release|Any CPU.ActiveCfg = Release|Any CPU
		{9E999976-81D8-401E-AE2B-26B081C0F844}.Release|Any CPU.Build.0 = Release|Any CPU
		{D90278C0-89D1-4BE2-ABEC-3FF74317F078}.Debug|Any CPU.ActiveCfg = Debug|Any CPU
		{D90278C0-89D1-4BE2-ABEC-3FF74317F078}.Debug|Any CPU.Build.0 = Debug|Any CPU
		{D90278C0-89D1-4BE2-ABEC-3FF74317F078}.Release|Any CPU.ActiveCfg = Release|Any CPU
		{D90278C0-89D1-4BE2-ABEC-3FF74317F078}.Release|Any CPU.Build.0 = Release|Any CPU
		{E4FEDDB3-16DE-4F2E-9297-428AAEFA1977}.Debug|Any CPU.ActiveCfg = Debug|Any CPU
		{E4FEDDB3-16DE-4F2E-9297-428AAEFA1977}.Debug|Any CPU.Build.0 = Debug|Any CPU
		{E4FEDDB3-16DE-4F2E-9297-428AAEFA1977}.Release|Any CPU.ActiveCfg = Release|Any CPU
		{E4FEDDB3-16DE-4F2E-9297-428AAEFA1977}.Release|Any CPU.Build.0 = Release|Any CPU
		{DB5166D2-C6FF-49AB-9BF4-C7D196F27182}.Debug|Any CPU.ActiveCfg = Debug|Any CPU
		{DB5166D2-C6FF-49AB-9BF4-C7D196F27182}.Debug|Any CPU.Build.0 = Debug|Any CPU
		{DB5166D2-C6FF-49AB-9BF4-C7D196F27182}.Release|Any CPU.ActiveCfg = Release|Any CPU
		{DB5166D2-C6FF-49AB-9BF4-C7D196F27182}.Release|Any CPU.Build.0 = Release|Any CPU
		{9C6ED5EB-0AC4-4FA3-9F81-D5A91711B28A}.Debug|Any CPU.ActiveCfg = Debug|Any CPU
		{9C6ED5EB-0AC4-4FA3-9F81-D5A91711B28A}.Debug|Any CPU.Build.0 = Debug|Any CPU
		{9C6ED5EB-0AC4-4FA3-9F81-D5A91711B28A}.Release|Any CPU.ActiveCfg = Release|Any CPU
		{9C6ED5EB-0AC4-4FA3-9F81-D5A91711B28A}.Release|Any CPU.Build.0 = Release|Any CPU
		{2E90BA9E-A700-4147-A5E1-72565A0B4AF1}.Debug|Any CPU.ActiveCfg = Debug|Any CPU
		{2E90BA9E-A700-4147-A5E1-72565A0B4AF1}.Debug|Any CPU.Build.0 = Debug|Any CPU
		{2E90BA9E-A700-4147-A5E1-72565A0B4AF1}.Release|Any CPU.ActiveCfg = Release|Any CPU
		{2E90BA9E-A700-4147-A5E1-72565A0B4AF1}.Release|Any CPU.Build.0 = Release|Any CPU
		{AD18E33F-431C-49F9-BA64-44F38DE29E71}.Debug|Any CPU.ActiveCfg = Debug|Any CPU
		{AD18E33F-431C-49F9-BA64-44F38DE29E71}.Debug|Any CPU.Build.0 = Debug|Any CPU
		{AD18E33F-431C-49F9-BA64-44F38DE29E71}.Release|Any CPU.ActiveCfg = Release|Any CPU
		{AD18E33F-431C-49F9-BA64-44F38DE29E71}.Release|Any CPU.Build.0 = Release|Any CPU
		{83FEA087-FCDA-45A3-A727-ED24F8532096}.Debug|Any CPU.ActiveCfg = Debug|Any CPU
		{83FEA087-FCDA-45A3-A727-ED24F8532096}.Debug|Any CPU.Build.0 = Debug|Any CPU
		{83FEA087-FCDA-45A3-A727-ED24F8532096}.Release|Any CPU.ActiveCfg = Release|Any CPU
		{83FEA087-FCDA-45A3-A727-ED24F8532096}.Release|Any CPU.Build.0 = Release|Any CPU
		{2EB9ABAE-1FF4-415F-90F0-B50B3DA82EF5}.Debug|Any CPU.ActiveCfg = Debug|Any CPU
		{2EB9ABAE-1FF4-415F-90F0-B50B3DA82EF5}.Debug|Any CPU.Build.0 = Debug|Any CPU
		{2EB9ABAE-1FF4-415F-90F0-B50B3DA82EF5}.Release|Any CPU.ActiveCfg = Release|Any CPU
		{2EB9ABAE-1FF4-415F-90F0-B50B3DA82EF5}.Release|Any CPU.Build.0 = Release|Any CPU
		{EDE71A67-93F9-40C2-BA77-733E51A8010A}.Debug|Any CPU.ActiveCfg = Debug|Any CPU
		{EDE71A67-93F9-40C2-BA77-733E51A8010A}.Debug|Any CPU.Build.0 = Debug|Any CPU
		{EDE71A67-93F9-40C2-BA77-733E51A8010A}.Release|Any CPU.ActiveCfg = Release|Any CPU
		{EDE71A67-93F9-40C2-BA77-733E51A8010A}.Release|Any CPU.Build.0 = Release|Any CPU
		{6277C530-ADC8-4E7D-B6F1-811D935F3551}.Debug|Any CPU.ActiveCfg = Debug|Any CPU
		{6277C530-ADC8-4E7D-B6F1-811D935F3551}.Debug|Any CPU.Build.0 = Debug|Any CPU
		{6277C530-ADC8-4E7D-B6F1-811D935F3551}.Release|Any CPU.ActiveCfg = Release|Any CPU
		{6277C530-ADC8-4E7D-B6F1-811D935F3551}.Release|Any CPU.Build.0 = Release|Any CPU
	EndGlobalSection
	GlobalSection(SolutionProperties) = preSolution
		HideSolutionNode = FALSE
	EndGlobalSection
	GlobalSection(NestedProjects) = preSolution
		{F9AE5C16-EEB7-4ABD-817E-18935F72DFD4} = {C888937B-F5A9-488A-869E-5D30B657409A}
		{04050F8C-745F-4241-BBAF-999D683777F9} = {C888937B-F5A9-488A-869E-5D30B657409A}
		{02EA681E-C7D8-13C7-8484-4AC65E1B71E8} = {362C5453-F0ED-480E-A297-F94779B3805F}
		{DDDC39C4-3F43-484F-9632-E4BFC49A0DA3} = {02EA681E-C7D8-13C7-8484-4AC65E1B71E8}
		{C888937B-F5A9-488A-869E-5D30B657409A} = {362C5453-F0ED-480E-A297-F94779B3805F}
		{4176ABB8-DB3E-4E9C-90B8-B07F765DF549} = {C888937B-F5A9-488A-869E-5D30B657409A}
		{F1FDDD6D-5A26-4B0A-920F-57F487A8A777} = {B6D434AF-AA6F-407F-AB28-FDF146EFAB97}
		{0BACF8DF-122A-4759-BE1D-B022812B5603} = {B6D434AF-AA6F-407F-AB28-FDF146EFAB97}
		{72EF5778-03FB-E585-0E76-89BE6D68565B} = {B6D434AF-AA6F-407F-AB28-FDF146EFAB97}
		{E9EABBE4-F949-4892-A7D1-6C1E8A3DDAFC} = {B6D434AF-AA6F-407F-AB28-FDF146EFAB97}
		{2890498B-7634-49F0-A52F-248378BB238F} = {C888937B-F5A9-488A-869E-5D30B657409A}
		{CCF3C8B4-23D7-4FA3-B481-9B1C6B28FE81} = {B6D434AF-AA6F-407F-AB28-FDF146EFAB97}
		{DD02A8EE-BB68-4BB9-9829-F0D8B608A536} = {02EA681E-C7D8-13C7-8484-4AC65E1B71E8}
		{3EC16CDA-F5A9-49D6-9BCB-EB50C56C2D0A} = {02EA681E-C7D8-13C7-8484-4AC65E1B71E8}
		{AE100265-AB3A-4EC9-839A-F0E8D761A00E} = {B6D434AF-AA6F-407F-AB28-FDF146EFAB97}
		{39EF22DF-52DC-4989-A50E-12C445D4E7EE} = {90C68CD0-9657-46C7-865E-C27B83631C29}
		{7E766429-1E6F-40D0-B6A0-E103B93FDEC3} = {362C5453-F0ED-480E-A297-F94779B3805F}
		{B46FDDEE-AA04-439F-B8B2-F293374C92A0} = {B6D434AF-AA6F-407F-AB28-FDF146EFAB97}
		{EE8E8488-318F-4CAC-856F-231D6AC3D471} = {B6D434AF-AA6F-407F-AB28-FDF146EFAB97}
		{2F909A91-8CF2-4DE6-8F54-040BB4DEA993} = {90C68CD0-9657-46C7-865E-C27B83631C29}
		{F723E1A0-BCDC-144D-02E2-684E60DB585A} = {90C68CD0-9657-46C7-865E-C27B83631C29}
		{0DB2D6CF-E11D-4252-BFDE-903514A9686B} = {B6D434AF-AA6F-407F-AB28-FDF146EFAB97}
		{0325EBC6-B355-4972-A83A-D4F530B191E2} = {362C5453-F0ED-480E-A297-F94779B3805F}
		{3CE63704-845E-487E-BD1C-D9F60F8A9BB3} = {362C5453-F0ED-480E-A297-F94779B3805F}
		{71667D9D-A4CF-4ED0-8B22-A103572EEB14} = {362C5453-F0ED-480E-A297-F94779B3805F}
		{64C230D5-79BE-48E8-8236-845157BCACAC} = {362C5453-F0ED-480E-A297-F94779B3805F}
		{0EBFA037-F322-443C-9486-EDBE978BF659} = {362C5453-F0ED-480E-A297-F94779B3805F}
		{9E999976-81D8-401E-AE2B-26B081C0F844} = {362C5453-F0ED-480E-A297-F94779B3805F}
		{D90278C0-89D1-4BE2-ABEC-3FF74317F078} = {362C5453-F0ED-480E-A297-F94779B3805F}
		{E4FEDDB3-16DE-4F2E-9297-428AAEFA1977} = {362C5453-F0ED-480E-A297-F94779B3805F}
		{DB5166D2-C6FF-49AB-9BF4-C7D196F27182} = {362C5453-F0ED-480E-A297-F94779B3805F}
		{9C6ED5EB-0AC4-4FA3-9F81-D5A91711B28A} = {362C5453-F0ED-480E-A297-F94779B3805F}
		{2E90BA9E-A700-4147-A5E1-72565A0B4AF1} = {362C5453-F0ED-480E-A297-F94779B3805F}
		{B0121799-2A6A-4C25-98AE-F3867E92836C} = {362C5453-F0ED-480E-A297-F94779B3805F}
		{AD18E33F-431C-49F9-BA64-44F38DE29E71} = {B0121799-2A6A-4C25-98AE-F3867E92836C}
		{83FEA087-FCDA-45A3-A727-ED24F8532096} = {362C5453-F0ED-480E-A297-F94779B3805F}
		{2EB9ABAE-1FF4-415F-90F0-B50B3DA82EF5} = {B0121799-2A6A-4C25-98AE-F3867E92836C}
		{EDE71A67-93F9-40C2-BA77-733E51A8010A} = {90C68CD0-9657-46C7-865E-C27B83631C29}
		{6277C530-ADC8-4E7D-B6F1-811D935F3551} = {362C5453-F0ED-480E-A297-F94779B3805F}
	EndGlobalSection
	GlobalSection(ExtensibilityGlobals) = postSolution
		SolutionGuid = {8E98753D-786C-427A-9051-6515CCB6B063}
	EndGlobalSection
EndGlobal
